PODS:
  - choo_window_manager (0.0.1):
    - FlutterMacOS
  - FlutterMacOS (1.0.0)

DEPENDENCIES:
  - choo_window_manager (from `Flutter/ephemeral/.symlinks/plugins/choo_window_manager/macos`)
  - FlutterMacOS (from `Flutter/ephemeral`)

EXTERNAL SOURCES:
  choo_window_manager:
    :path: Flutter/ephemeral/.symlinks/plugins/choo_window_manager/macos
  FlutterMacOS:
    :path: Flutter/ephemeral

SPEC CHECKSUMS:
  choo_window_manager: 9b42d85b14a686c3f5ef69aba92bb8663e194175
  FlutterMacOS: 8f6f14fa908a6fb3fba0cd85dbd81ec4b251fb24

PODFILE CHECKSUM: 7eb978b976557c8c1cd717d8185ec483fd090a82

COCOAPODS: 1.16.2
